
Microsoft Visual Studio Solution File, Format Version 12.00
Project("{FAE04EC0-301F-11D3-BF4B-00C04F79EFBC}") = "RemodLineTracer", "RemodLineTracer\RemodLineTracer.csproj", "{276651F6-615E-4922-9C35-C0D3E8223151}"
EndProject
Global
	GlobalSection(SolutionConfigurationPlatforms) = preSolution
		Debug|Any CPU = Debug|Any CPU
		Release|Any CPU = Release|Any CPU
	EndGlobalSection
	GlobalSection(ProjectConfigurationPlatforms) = postSolution
		{276651F6-615E-4922-9C35-C0D3E8223151}.Debug|Any CPU.ActiveCfg = Debug|Any CPU
		{276651F6-615E-4922-9C35-C0D3E8223151}.Debug|Any CPU.Build.0 = Debug|Any CPU
		{276651F6-615E-4922-9C35-C0D3E8223151}.Release|Any CPU.ActiveCfg = Release|Any CPU
		{276651F6-615E-4922-9C35-C0D3E8223151}.Release|Any CPU.Build.0 = Release|Any CPU
	EndGlobalSection
EndGlobal
